<?xml version="1.0" encoding="utf-8"?>
<Project ToolsVersion="4.0" xmlns="http://schemas.microsoft.com/developer/msbuild/2003">
  <ItemGroup>
    <Filter Include="Source Files">
      <UniqueIdentifier>{4FC737F1-C7A5-4376-A066-2A32D752A2FF}</UniqueIdentifier>
      <Extensions>cpp;c;cc;cxx;def;odl;idl;hpj;bat;asm;asmx</Extensions>
    </Filter>
    <Filter Include="Header Files">
      <UniqueIdentifier>{93995380-89BD-4b04-88EB-625FBE52EBFB}</UniqueIdentifier>
      <Extensions>h;hh;hpp;hxx;hm;inl;inc;xsd</Extensions>
    </Filter>
    <Filter Include="Resource Files">
      <UniqueIdentifier>{67DA6AB6-F800-4c08-8B7A-83BB121AAD01}</UniqueIdentifier>
      <Extensions>rc;ico;cur;bmp;dlg;rc2;rct;bin;rgs;gif;jpg;jpeg;jpe;resx;tiff;tif;png;wav;mfcribbon-ms</Extensions>
    </Filter>
  </ItemGroup>
  <ItemGroup>
    <ClCompile Include="main.cpp">
      <Filter>Source Files</Filter>
    </ClCompile>
    <ClCompile Include="p28.cpp">
      <Filter>Source Files</Filter>
    </ClCompile>
    <ClCompile Include="p29.cpp">
      <Filter>Source Files</Filter>
    </ClCompile>
    <ClCompile Include="p30.cpp">
      <Filter>Source Files</Filter>
    </ClCompile>
    <ClCompile Include="p31.cpp">
      <Filter>Source Files</Filter>
    </ClCompile>
    <ClCompile Include="p32.cpp">
      <Filter>Source Files</Filter>
    </ClCompile>
    <ClCompile Include="p33.cpp">
      <Filter>Source Files</Filter>
    </ClCompile>
    <ClCompile Include="p34.cpp">
      <Filter>Source Files</Filter>
    </ClCompile>
    <ClCompile Include="p35.cpp">
      <Filter>Source Files</Filter>
    </ClCompile>
    <ClCompile Include="p36.cpp">
      <Filter>Source Files</Filter>
    </ClCompile>
    <ClCompile Include="p37.cpp">
      <Filter>Source Files</Filter>
    </ClCompile>
    <ClCompile Include="p38.cpp">
      <Filter>Source Files</Filter>
    </ClCompile>
    <ClCompile Include="p39.cpp">
      <Filter>Source Files</Filter>
    </ClCompile>
    <ClCompile Include="p40.cpp">
      <Filter>Source Files</Filter>
    </ClCompile>
    <ClCompile Include="p42.cpp">
      <Filter>Source Files</Filter>
    </ClCompile>
    <ClCompile Include="p41.cpp">
      <Filter>Source Files</Filter>
    </ClCompile>
    <ClCompile Include="p43.cpp">
      <Filter>Source Files</Filter>
    </ClCompile>
    <ClCompile Include="p44.cpp">
      <Filter>Source Files</Filter>
    </ClCompile>
    <ClCompile Include="p45.cpp">
      <Filter>Source Files</Filter>
    </ClCompile>
    <ClCompile Include="p46.cpp">
      <Filter>Source Files</Filter>
    </ClCompile>
    <ClCompile Include="p47.cpp">
      <Filter>Source Files</Filter>
    </ClCompile>
    <ClCompile Include="p48.cpp">
      <Filter>Source Files</Filter>
    </ClCompile>
    <ClCompile Include="p49.cpp">
      <Filter>Source Files</Filter>
    </ClCompile>
    <ClCompile Include="p50.cpp">
      <Filter>Source Files</Filter>
    </ClCompile>
    <ClCompile Include="p51.cpp">
      <Filter>Source Files</Filter>
    </ClCompile>
    <ClCompile Include="p52.cpp">
      <Filter>Source Files</Filter>
    </ClCompile>
    <ClCompile Include="p53.cpp">
      <Filter>Source Files</Filter>
    </ClCompile>
  </ItemGroup>
  <ItemGroup>
    <ClInclude Include="comm.h">
      <Filter>Header Files</Filter>
    </ClInclude>
  </ItemGroup>
</Project>